
Microsoft Visual Studio Solution File, Format Version 12.00
# Visual Studio Version 17
VisualStudioVersion = 17.12.35514.174
MinimumVisualStudioVersion = 10.0.40219.1
Project("{FAE04EC0-301F-11D3-BF4B-00C04F79EFBC}") = "CesiNewsApi", "CesiNewsApi\CesiNewsApi.csproj", "{C1827618-C1FA-4002-8FDA-178D5AD91C01}"
EndProject
Project("{FAE04EC0-301F-11D3-BF4B-00C04F79EFBC}") = "CesiNewsModel", "CesiNewsModel\CesiNewsModel.csproj", "{C8619F0E-2961-49CC-B73D-48456127EC7A}"
EndProject
Project("{FAE04EC0-301F-11D3-BF4B-00C04F79EFBC}") = "CesiNewsInfrastructure", "CesiNewsInfrastructure\CesiNewsInfrastructure.csproj", "{31082BD1-C1DF-45A4-A681-9936CA50BF6F}"
EndProject
Project("{FAE04EC0-301F-11D3-BF4B-00C04F79EFBC}") = "CesiNewsDomain", "CesiNewsDomain\CesiNewsDomain.csproj", "{C841F89A-4FFE-408D-8A1D-4EF5D307C988}"
EndProject
Project("{FAE04EC0-301F-11D3-BF4B-00C04F79EFBC}") = "CesiNewsBackofficeMVC", "CesiNewsBackofficeMVC\CesiNewsBackofficeMVC.csproj", "{AF1D797D-40E6-4CE3-AA90-C437BA2C818E}"
EndProject
Project("{FAE04EC0-301F-11D3-BF4B-00C04F79EFBC}") = "CesiNewsBackofficeBlazor", "CesiNewsBackofficeBlazor\CesiNewsBackofficeBlazor.csproj", "{ABC4ED9A-0CE8-4860-A31D-6B796D8ED40C}"
EndProject
Global
	GlobalSection(SolutionConfigurationPlatforms) = preSolution
		Debug|Any CPU = Debug|Any CPU
		Release|Any CPU = Release|Any CPU
	EndGlobalSection
	GlobalSection(ProjectConfigurationPlatforms) = postSolution
		{C1827618-C1FA-4002-8FDA-178D5AD91C01}.Debug|Any CPU.ActiveCfg = Debug|Any CPU
		{C1827618-C1FA-4002-8FDA-178D5AD91C01}.Debug|Any CPU.Build.0 = Debug|Any CPU
		{C1827618-C1FA-4002-8FDA-178D5AD91C01}.Release|Any CPU.ActiveCfg = Release|Any CPU
		{C1827618-C1FA-4002-8FDA-178D5AD91C01}.Release|Any CPU.Build.0 = Release|Any CPU
		{C8619F0E-2961-49CC-B73D-48456127EC7A}.Debug|Any CPU.ActiveCfg = Debug|Any CPU
		{C8619F0E-2961-49CC-B73D-48456127EC7A}.Debug|Any CPU.Build.0 = Debug|Any CPU
		{C8619F0E-2961-49CC-B73D-48456127EC7A}.Release|Any CPU.ActiveCfg = Release|Any CPU
		{C8619F0E-2961-49CC-B73D-48456127EC7A}.Release|Any CPU.Build.0 = Release|Any CPU
		{31082BD1-C1DF-45A4-A681-9936CA50BF6F}.Debug|Any CPU.ActiveCfg = Debug|Any CPU
		{31082BD1-C1DF-45A4-A681-9936CA50BF6F}.Debug|Any CPU.Build.0 = Debug|Any CPU
		{31082BD1-C1DF-45A4-A681-9936CA50BF6F}.Release|Any CPU.ActiveCfg = Release|Any CPU
		{31082BD1-C1DF-45A4-A681-9936CA50BF6F}.Release|Any CPU.Build.0 = Release|Any CPU
		{C841F89A-4FFE-408D-8A1D-4EF5D307C988}.Debug|Any CPU.ActiveCfg = Debug|Any CPU
		{C841F89A-4FFE-408D-8A1D-4EF5D307C988}.Debug|Any CPU.Build.0 = Debug|Any CPU
		{C841F89A-4FFE-408D-8A1D-4EF5D307C988}.Release|Any CPU.ActiveCfg = Release|Any CPU
		{C841F89A-4FFE-408D-8A1D-4EF5D307C988}.Release|Any CPU.Build.0 = Release|Any CPU
		{AF1D797D-40E6-4CE3-AA90-C437BA2C818E}.Debug|Any CPU.ActiveCfg = Debug|Any CPU
		{AF1D797D-40E6-4CE3-AA90-C437BA2C818E}.Debug|Any CPU.Build.0 = Debug|Any CPU
		{AF1D797D-40E6-4CE3-AA90-C437BA2C818E}.Release|Any CPU.ActiveCfg = Release|Any CPU
		{AF1D797D-40E6-4CE3-AA90-C437BA2C818E}.Release|Any CPU.Build.0 = Release|Any CPU
		{ABC4ED9A-0CE8-4860-A31D-6B796D8ED40C}.Debug|Any CPU.ActiveCfg = Debug|Any CPU
		{ABC4ED9A-0CE8-4860-A31D-6B796D8ED40C}.Debug|Any CPU.Build.0 = Debug|Any CPU
		{ABC4ED9A-0CE8-4860-A31D-6B796D8ED40C}.Release|Any CPU.ActiveCfg = Release|Any CPU
		{ABC4ED9A-0CE8-4860-A31D-6B796D8ED40C}.Release|Any CPU.Build.0 = Release|Any CPU
	EndGlobalSection
	GlobalSection(SolutionProperties) = preSolution
		HideSolutionNode = FALSE
	EndGlobalSection
EndGlobal
